
Microsoft Visual Studio Solution File, Format Version 12.00
# Visual Studio 15
VisualStudioVersion = 15.0.28010.2041
MinimumVisualStudioVersion = 10.0.40219.1
Project("{FAE04EC0-301F-11D3-BF4B-00C04F79EFBC}") = "Vehiculos", "Vehiculos\Vehiculos.csproj", "{5EEC07DD-1F7A-4773-8ADA-D6CB45BF66DA}"
EndProject
Global
	GlobalSection(SolutionConfigurationPlatforms) = preSolution
		Debug|Any CPU = Debug|Any CPU
		Release|Any CPU = Release|Any CPU
	EndGlobalSection
	GlobalSection(ProjectConfigurationPlatforms) = postSolution
		{5EEC07DD-1F7A-4773-8ADA-D6CB45BF66DA}.Debug|Any CPU.ActiveCfg = Debug|Any CPU
		{5EEC07DD-1F7A-4773-8ADA-D6CB45BF66DA}.Debug|Any CPU.Build.0 = Debug|Any CPU
		{5EEC07DD-1F7A-4773-8ADA-D6CB45BF66DA}.Release|Any CPU.ActiveCfg = Release|Any CPU
		{5EEC07DD-1F7A-4773-8ADA-D6CB45BF66DA}.Release|Any CPU.Build.0 = Release|Any CPU
	EndGlobalSection
	GlobalSection(SolutionProperties) = preSolution
		HideSolutionNode = FALSE
	EndGlobalSection
	GlobalSection(ExtensibilityGlobals) = postSolution
		SolutionGuid = {1686BE66-BE9A-485F-B11B-F423AE879881}
	EndGlobalSection
EndGlobal
